PODS:
  - Flutter (1.0.0)
  - rive_common (0.0.1):
    - Flutter

DEPENDENCIES:
  - Flutter (from `Flutter`)
  - rive_common (from `.symlinks/plugins/rive_common/ios`)

EXTERNAL SOURCES:
  Flutter:
    :path: Flutter
  rive_common:
    :path: ".symlinks/plugins/rive_common/ios"

SPEC CHECKSUMS:
  Flutter: e0871f40cf51350855a761d2e70bf5af5b9b5de7
  rive_common: 4743dbfd2911c99066547a3c6454681e0fa907df

PODFILE CHECKSUM: 4305caec6b40dde0ae97be1573c53de1882a07e5

COCOAPODS: 1.16.2
